
Microsoft Visual Studio Solution File, Format Version 12.00
# Visual Studio Version 17
VisualStudioVersion = 17.1.32228.430
MinimumVisualStudioVersion = 10.0.40219.1
Project("{FAE04EC0-301F-11D3-BF4B-00C04F79EFBC}") = "UnlimitedFairytales.CsharpSamples.AsyncForm", "UnlimitedFairytales.CsharpSamples.AsyncForm\UnlimitedFairytales.CsharpSamples.AsyncForm.csproj", "{37002D4A-C809-4577-9397-B52C6CAFDDD6}"
EndProject
Project("{FAE04EC0-301F-11D3-BF4B-00C04F79EFBC}") = "UnlimitedFairytales.CsharpSamples.UIExceptionHandling", "UnlimitedFairytales.CsharpSamples.UIExceptionHandling\UnlimitedFairytales.CsharpSamples.UIExceptionHandling.csproj", "{B7A2F267-637E-4FF2-944A-CC2A7DF3E662}"
EndProject
Project("{FAE04EC0-301F-11D3-BF4B-00C04F79EFBC}") = "UnlimitedFairytales.CsharpSamples.Forms", "UnlimitedFairytales.CsharpSamples.Forms\UnlimitedFairytales.CsharpSamples.Forms.csproj", "{A11554A0-C9F3-499D-9CE2-329A00FEAF49}"
EndProject
Project("{FAE04EC0-301F-11D3-BF4B-00C04F79EFBC}") = "UnlimitedFairytales.CsharpSamples.Note", "UnlimitedFairytales.CsharpSamples.Note\UnlimitedFairytales.CsharpSamples.Note.csproj", "{E598DE69-B01F-4291-9ED5-A7CE953AF5D0}"
EndProject
Project("{FAE04EC0-301F-11D3-BF4B-00C04F79EFBC}") = "UnlimitedFairytales.CsharpSamples.Oracle", "UnlimitedFairytales.CsharpSamples.Oracle\UnlimitedFairytales.CsharpSamples.Oracle.csproj", "{94A704F9-D748-4DDA-892D-2FD7D41F4BE5}"
EndProject
Project("{FAE04EC0-301F-11D3-BF4B-00C04F79EFBC}") = "UnlimitedFairytales.CsharpSamples.MariaDB", "UnlimitedFairytales.CsharpSamples.MariaDB\UnlimitedFairytales.CsharpSamples.MariaDB.csproj", "{4B93E9A6-BA16-4F87-8200-86800A21C87A}"
EndProject
Project("{FAE04EC0-301F-11D3-BF4B-00C04F79EFBC}") = "UnlimitedFairytales.CsharpSamples.OracleWithDapper", "UnlimitedFairytales.CsharpSamples.OracleWithDapper\UnlimitedFairytales.CsharpSamples.OracleWithDapper.csproj", "{7067FD5B-B2A2-48FC-9B6E-17EB1D7C8D1B}"
EndProject
Project("{FAE04EC0-301F-11D3-BF4B-00C04F79EFBC}") = "UnlimitedFairytales.CsharpSamples.Http", "UnlimitedFairytales.CsharpSamples.Http\UnlimitedFairytales.CsharpSamples.Http.csproj", "{0254BC35-5A70-4AE1-B1FB-71C7532ABD20}"
EndProject
Project("{FAE04EC0-301F-11D3-BF4B-00C04F79EFBC}") = "UnlimitedFairytales.CsharpSamples.SQLite", "UnlimitedFairytales.CsharpSamples.SQLite\UnlimitedFairytales.CsharpSamples.SQLite.csproj", "{687C2D67-244B-4B1C-8248-8D6272C2687D}"
EndProject
Project("{FAE04EC0-301F-11D3-BF4B-00C04F79EFBC}") = "UnlimitedFairytales.CsharpSamples.SQLiteWithDapper", "UnlimitedFairytales.CsharpSamples.SQLiteWithDapper\UnlimitedFairytales.CsharpSamples.SQLiteWithDapper.csproj", "{C2E1D807-17C9-4817-9BF4-571F91A821B8}"
EndProject
Project("{FAE04EC0-301F-11D3-BF4B-00C04F79EFBC}") = "UnlimitedFairytales.CsharpSamples.SQLiteWithEF", "UnlimitedFairytales.CsharpSamples.SQLiteWithEF\UnlimitedFairytales.CsharpSamples.SQLiteWithEF.csproj", "{8CDC1962-2CEF-4F14-9B39-ED7ECE0B0957}"
EndProject
Project("{FAE04EC0-301F-11D3-BF4B-00C04F79EFBC}") = "UnlimitedFairytales.CsharpSamples.Postgres", "UnlimitedFairytales.CsharpSamples.Postgres\UnlimitedFairytales.CsharpSamples.Postgres.csproj", "{C4E5FC89-93AC-45E7-8906-AEBA71DF52E7}"
EndProject
Project("{FAE04EC0-301F-11D3-BF4B-00C04F79EFBC}") = "UnlimitedFairytales.CsharpSamples.FormUtilitySamples", "UnlimitedFairytales.CsharpSamples.FormUtilitySamples\UnlimitedFairytales.CsharpSamples.FormUtilitySamples.csproj", "{5D432B2B-F7DC-4F64-A7C2-CBB11604CC3A}"
EndProject
Project("{FAE04EC0-301F-11D3-BF4B-00C04F79EFBC}") = "UnlimitedFairytales.CsharpSamples.ResxSample", "UnlimitedFairytales.CsharpSamples.ResxSample\UnlimitedFairytales.CsharpSamples.ResxSample.csproj", "{416BF993-B559-43AC-BF99-3C5E26A623B0}"
EndProject
Project("{9A19103F-16F7-4668-BE54-9A1E7A4F7556}") = "UnlimitedFairytales.CsharpSamples.DotNetTests", "UnlimitedFairytales.CsharpSamples.DotNetTests\UnlimitedFairytales.CsharpSamples.DotNetTests.csproj", "{41010741-12E0-40A7-80D4-E28AF06ACF73}"
EndProject
Project("{9A19103F-16F7-4668-BE54-9A1E7A4F7556}") = "UnlimitedFairytales.CsharpSamples.PowerShellSample", "UnlimitedFairytales.CsharpSamples.PowerShellSample\UnlimitedFairytales.CsharpSamples.PowerShellSample.csproj", "{830C11E2-6415-4A6B-940A-7FE44F48FF54}"
EndProject
Project("{9A19103F-16F7-4668-BE54-9A1E7A4F7556}") = "UnlimitedFairytales.CsharpSamples.PowerShellSample2", "UnlimitedFairytales.CsharpSamples.PowerShellSample2\UnlimitedFairytales.CsharpSamples.PowerShellSample2.csproj", "{521A137F-FBEC-441F-86E0-0D371F54E62D}"
EndProject
Project("{9A19103F-16F7-4668-BE54-9A1E7A4F7556}") = "UnlimitedFairytales.CsharpSamples.ConfigurationBuilderSample", "UnlimitedFairytales.CsharpSamples.ConfigurationBuilderSample\UnlimitedFairytales.CsharpSamples.ConfigurationBuilderSample.csproj", "{A7E06BD6-51E6-41D5-8D0B-351B37A9FAE7}"
EndProject
Project("{9A19103F-16F7-4668-BE54-9A1E7A4F7556}") = "UnlimitedFairytales.CsharpSamples.ImageSharpSample", "UnlimitedFairytales.CsharpSamples.ImageSharpSample\UnlimitedFairytales.CsharpSamples.ImageSharpSample.csproj", "{A3B76BE0-6074-41D4-B642-B1919B8B5B94}"
EndProject
Project("{9A19103F-16F7-4668-BE54-9A1E7A4F7556}") = "UnlimitedFairytales.CsharpSamples.Zip", "UnlimitedFairytales.CsharpSamples.Zip\UnlimitedFairytales.CsharpSamples.Zip.csproj", "{E74E6EF0-099E-4FCE-9487-73193F3722EC}"
EndProject
Project("{9A19103F-16F7-4668-BE54-9A1E7A4F7556}") = "UnlimitedFairytales.CsharpSamples.Rx", "UnlimitedFairytales.CsharpSamples.Rx\UnlimitedFairytales.CsharpSamples.Rx.csproj", "{D8A44003-4941-415F-A675-B6F2B54B2235}"
EndProject
Project("{2150E333-8FDC-42A3-9474-1A3956D46DE8}") = "UnlimitedFairytales.CsharpSamples.log4net", "UnlimitedFairytales.CsharpSamples.log4net", "{C3DE2C0A-A8F3-4D61-9280-D27B8B53A5DA}"
	ProjectSection(SolutionItems) = preProject
		log4netSample.txt = log4netSample.txt
	EndProjectSection
EndProject
Project("{2150E333-8FDC-42A3-9474-1A3956D46DE8}") = "UnlimitedFairytales.CsharpSamples.CsvHelper", "UnlimitedFairytales.CsharpSamples.CsvHelper", "{27AC797F-8125-499B-8DCE-87B45D71FA55}"
	ProjectSection(SolutionItems) = preProject
		CsvHelperSample.txt = CsvHelperSample.txt
	EndProjectSection
EndProject
Project("{2150E333-8FDC-42A3-9474-1A3956D46DE8}") = "UnlimitedFairytales.CsharpSamples.MailKit", "UnlimitedFairytales.CsharpSamples.MailKit", "{8BA473D8-AC33-4BCA-9479-5D1AFB4B851C}"
	ProjectSection(SolutionItems) = preProject
		MailKitSample.txt = MailKitSample.txt
	EndProjectSection
EndProject
Project("{9A19103F-16F7-4668-BE54-9A1E7A4F7556}") = "UnlimitedFairytales.CsharpSamples.AsyncWhenAllExceptionHandling", "UnlimitedFairytales.CsharpSamples.AsyncWhenAllExceptionHandling\UnlimitedFairytales.CsharpSamples.AsyncWhenAllExceptionHandling.csproj", "{6014A46E-A981-4009-9CE2-57FE4B4C9628}"
EndProject
Project("{FAE04EC0-301F-11D3-BF4B-00C04F79EFBC}") = "UnlimitedFairytales.CsharpSamples.Common", "UnlimitedFairytales.CsharpSamples.Common\UnlimitedFairytales.CsharpSamples.Common.csproj", "{004FB6AD-4222-4F2D-B994-EBE9D2740F5C}"
EndProject
Project("{FAE04EC0-301F-11D3-BF4B-00C04F79EFBC}") = "UnlimitedFairytales.CsharpSamples.AsyncConsole", "UnlimitedFairytales.CsharpSamples.AsyncConsole\UnlimitedFairytales.CsharpSamples.AsyncConsole.csproj", "{F52DF3A9-279B-4516-82A8-80FA80BCF8D0}"
EndProject
Global
	GlobalSection(SolutionConfigurationPlatforms) = preSolution
		Debug|Any CPU = Debug|Any CPU
		Release|Any CPU = Release|Any CPU
	EndGlobalSection
	GlobalSection(ProjectConfigurationPlatforms) = postSolution
		{37002D4A-C809-4577-9397-B52C6CAFDDD6}.Debug|Any CPU.ActiveCfg = Debug|Any CPU
		{37002D4A-C809-4577-9397-B52C6CAFDDD6}.Debug|Any CPU.Build.0 = Debug|Any CPU
		{37002D4A-C809-4577-9397-B52C6CAFDDD6}.Release|Any CPU.ActiveCfg = Release|Any CPU
		{37002D4A-C809-4577-9397-B52C6CAFDDD6}.Release|Any CPU.Build.0 = Release|Any CPU
		{B7A2F267-637E-4FF2-944A-CC2A7DF3E662}.Debug|Any CPU.ActiveCfg = Debug|Any CPU
		{B7A2F267-637E-4FF2-944A-CC2A7DF3E662}.Debug|Any CPU.Build.0 = Debug|Any CPU
		{B7A2F267-637E-4FF2-944A-CC2A7DF3E662}.Release|Any CPU.ActiveCfg = Release|Any CPU
		{B7A2F267-637E-4FF2-944A-CC2A7DF3E662}.Release|Any CPU.Build.0 = Release|Any CPU
		{A11554A0-C9F3-499D-9CE2-329A00FEAF49}.Debug|Any CPU.ActiveCfg = Debug|Any CPU
		{A11554A0-C9F3-499D-9CE2-329A00FEAF49}.Debug|Any CPU.Build.0 = Debug|Any CPU
		{A11554A0-C9F3-499D-9CE2-329A00FEAF49}.Release|Any CPU.ActiveCfg = Release|Any CPU
		{A11554A0-C9F3-499D-9CE2-329A00FEAF49}.Release|Any CPU.Build.0 = Release|Any CPU
		{E598DE69-B01F-4291-9ED5-A7CE953AF5D0}.Debug|Any CPU.ActiveCfg = Debug|Any CPU
		{E598DE69-B01F-4291-9ED5-A7CE953AF5D0}.Debug|Any CPU.Build.0 = Debug|Any CPU
		{E598DE69-B01F-4291-9ED5-A7CE953AF5D0}.Release|Any CPU.ActiveCfg = Release|Any CPU
		{E598DE69-B01F-4291-9ED5-A7CE953AF5D0}.Release|Any CPU.Build.0 = Release|Any CPU
		{94A704F9-D748-4DDA-892D-2FD7D41F4BE5}.Debug|Any CPU.ActiveCfg = Debug|Any CPU
		{94A704F9-D748-4DDA-892D-2FD7D41F4BE5}.Debug|Any CPU.Build.0 = Debug|Any CPU
		{94A704F9-D748-4DDA-892D-2FD7D41F4BE5}.Release|Any CPU.ActiveCfg = Release|Any CPU
		{94A704F9-D748-4DDA-892D-2FD7D41F4BE5}.Release|Any CPU.Build.0 = Release|Any CPU
		{4B93E9A6-BA16-4F87-8200-86800A21C87A}.Debug|Any CPU.ActiveCfg = Debug|Any CPU
		{4B93E9A6-BA16-4F87-8200-86800A21C87A}.Debug|Any CPU.Build.0 = Debug|Any CPU
		{4B93E9A6-BA16-4F87-8200-86800A21C87A}.Release|Any CPU.ActiveCfg = Release|Any CPU
		{4B93E9A6-BA16-4F87-8200-86800A21C87A}.Release|Any CPU.Build.0 = Release|Any CPU
		{7067FD5B-B2A2-48FC-9B6E-17EB1D7C8D1B}.Debug|Any CPU.ActiveCfg = Debug|Any CPU
		{7067FD5B-B2A2-48FC-9B6E-17EB1D7C8D1B}.Debug|Any CPU.Build.0 = Debug|Any CPU
		{7067FD5B-B2A2-48FC-9B6E-17EB1D7C8D1B}.Release|Any CPU.ActiveCfg = Release|Any CPU
		{7067FD5B-B2A2-48FC-9B6E-17EB1D7C8D1B}.Release|Any CPU.Build.0 = Release|Any CPU
		{0254BC35-5A70-4AE1-B1FB-71C7532ABD20}.Debug|Any CPU.ActiveCfg = Debug|Any CPU
		{0254BC35-5A70-4AE1-B1FB-71C7532ABD20}.Debug|Any CPU.Build.0 = Debug|Any CPU
		{0254BC35-5A70-4AE1-B1FB-71C7532ABD20}.Release|Any CPU.ActiveCfg = Release|Any CPU
		{0254BC35-5A70-4AE1-B1FB-71C7532ABD20}.Release|Any CPU.Build.0 = Release|Any CPU
		{687C2D67-244B-4B1C-8248-8D6272C2687D}.Debug|Any CPU.ActiveCfg = Debug|Any CPU
		{687C2D67-244B-4B1C-8248-8D6272C2687D}.Debug|Any CPU.Build.0 = Debug|Any CPU
		{687C2D67-244B-4B1C-8248-8D6272C2687D}.Release|Any CPU.ActiveCfg = Release|Any CPU
		{687C2D67-244B-4B1C-8248-8D6272C2687D}.Release|Any CPU.Build.0 = Release|Any CPU
		{C2E1D807-17C9-4817-9BF4-571F91A821B8}.Debug|Any CPU.ActiveCfg = Debug|Any CPU
		{C2E1D807-17C9-4817-9BF4-571F91A821B8}.Debug|Any CPU.Build.0 = Debug|Any CPU
		{C2E1D807-17C9-4817-9BF4-571F91A821B8}.Release|Any CPU.ActiveCfg = Release|Any CPU
		{C2E1D807-17C9-4817-9BF4-571F91A821B8}.Release|Any CPU.Build.0 = Release|Any CPU
		{8CDC1962-2CEF-4F14-9B39-ED7ECE0B0957}.Debug|Any CPU.ActiveCfg = Debug|Any CPU
		{8CDC1962-2CEF-4F14-9B39-ED7ECE0B0957}.Debug|Any CPU.Build.0 = Debug|Any CPU
		{8CDC1962-2CEF-4F14-9B39-ED7ECE0B0957}.Release|Any CPU.ActiveCfg = Release|Any CPU
		{8CDC1962-2CEF-4F14-9B39-ED7ECE0B0957}.Release|Any CPU.Build.0 = Release|Any CPU
		{C4E5FC89-93AC-45E7-8906-AEBA71DF52E7}.Debug|Any CPU.ActiveCfg = Debug|Any CPU
		{C4E5FC89-93AC-45E7-8906-AEBA71DF52E7}.Debug|Any CPU.Build.0 = Debug|Any CPU
		{C4E5FC89-93AC-45E7-8906-AEBA71DF52E7}.Release|Any CPU.ActiveCfg = Release|Any CPU
		{C4E5FC89-93AC-45E7-8906-AEBA71DF52E7}.Release|Any CPU.Build.0 = Release|Any CPU
		{5D432B2B-F7DC-4F64-A7C2-CBB11604CC3A}.Debug|Any CPU.ActiveCfg = Debug|Any CPU
		{5D432B2B-F7DC-4F64-A7C2-CBB11604CC3A}.Debug|Any CPU.Build.0 = Debug|Any CPU
		{5D432B2B-F7DC-4F64-A7C2-CBB11604CC3A}.Release|Any CPU.ActiveCfg = Release|Any CPU
		{5D432B2B-F7DC-4F64-A7C2-CBB11604CC3A}.Release|Any CPU.Build.0 = Release|Any CPU
		{416BF993-B559-43AC-BF99-3C5E26A623B0}.Debug|Any CPU.ActiveCfg = Debug|Any CPU
		{416BF993-B559-43AC-BF99-3C5E26A623B0}.Debug|Any CPU.Build.0 = Debug|Any CPU
		{416BF993-B559-43AC-BF99-3C5E26A623B0}.Release|Any CPU.ActiveCfg = Release|Any CPU
		{416BF993-B559-43AC-BF99-3C5E26A623B0}.Release|Any CPU.Build.0 = Release|Any CPU
		{41010741-12E0-40A7-80D4-E28AF06ACF73}.Debug|Any CPU.ActiveCfg = Debug|Any CPU
		{41010741-12E0-40A7-80D4-E28AF06ACF73}.Debug|Any CPU.Build.0 = Debug|Any CPU
		{41010741-12E0-40A7-80D4-E28AF06ACF73}.Release|Any CPU.ActiveCfg = Release|Any CPU
		{41010741-12E0-40A7-80D4-E28AF06ACF73}.Release|Any CPU.Build.0 = Release|Any CPU
		{830C11E2-6415-4A6B-940A-7FE44F48FF54}.Debug|Any CPU.ActiveCfg = Debug|Any CPU
		{830C11E2-6415-4A6B-940A-7FE44F48FF54}.Debug|Any CPU.Build.0 = Debug|Any CPU
		{830C11E2-6415-4A6B-940A-7FE44F48FF54}.Release|Any CPU.ActiveCfg = Release|Any CPU
		{830C11E2-6415-4A6B-940A-7FE44F48FF54}.Release|Any CPU.Build.0 = Release|Any CPU
		{521A137F-FBEC-441F-86E0-0D371F54E62D}.Debug|Any CPU.ActiveCfg = Debug|Any CPU
		{521A137F-FBEC-441F-86E0-0D371F54E62D}.Debug|Any CPU.Build.0 = Debug|Any CPU
		{521A137F-FBEC-441F-86E0-0D371F54E62D}.Release|Any CPU.ActiveCfg = Release|Any CPU
		{521A137F-FBEC-441F-86E0-0D371F54E62D}.Release|Any CPU.Build.0 = Release|Any CPU
		{A7E06BD6-51E6-41D5-8D0B-351B37A9FAE7}.Debug|Any CPU.ActiveCfg = Debug|Any CPU
		{A7E06BD6-51E6-41D5-8D0B-351B37A9FAE7}.Debug|Any CPU.Build.0 = Debug|Any CPU
		{A7E06BD6-51E6-41D5-8D0B-351B37A9FAE7}.Release|Any CPU.ActiveCfg = Release|Any CPU
		{A7E06BD6-51E6-41D5-8D0B-351B37A9FAE7}.Release|Any CPU.Build.0 = Release|Any CPU
		{A3B76BE0-6074-41D4-B642-B1919B8B5B94}.Debug|Any CPU.ActiveCfg = Debug|Any CPU
		{A3B76BE0-6074-41D4-B642-B1919B8B5B94}.Debug|Any CPU.Build.0 = Debug|Any CPU
		{A3B76BE0-6074-41D4-B642-B1919B8B5B94}.Release|Any CPU.ActiveCfg = Release|Any CPU
		{A3B76BE0-6074-41D4-B642-B1919B8B5B94}.Release|Any CPU.Build.0 = Release|Any CPU
		{E74E6EF0-099E-4FCE-9487-73193F3722EC}.Debug|Any CPU.ActiveCfg = Debug|Any CPU
		{E74E6EF0-099E-4FCE-9487-73193F3722EC}.Debug|Any CPU.Build.0 = Debug|Any CPU
		{E74E6EF0-099E-4FCE-9487-73193F3722EC}.Release|Any CPU.ActiveCfg = Release|Any CPU
		{E74E6EF0-099E-4FCE-9487-73193F3722EC}.Release|Any CPU.Build.0 = Release|Any CPU
		{D8A44003-4941-415F-A675-B6F2B54B2235}.Debug|Any CPU.ActiveCfg = Debug|Any CPU
		{D8A44003-4941-415F-A675-B6F2B54B2235}.Debug|Any CPU.Build.0 = Debug|Any CPU
		{D8A44003-4941-415F-A675-B6F2B54B2235}.Release|Any CPU.ActiveCfg = Release|Any CPU
		{D8A44003-4941-415F-A675-B6F2B54B2235}.Release|Any CPU.Build.0 = Release|Any CPU
		{6014A46E-A981-4009-9CE2-57FE4B4C9628}.Debug|Any CPU.ActiveCfg = Debug|Any CPU
		{6014A46E-A981-4009-9CE2-57FE4B4C9628}.Debug|Any CPU.Build.0 = Debug|Any CPU
		{6014A46E-A981-4009-9CE2-57FE4B4C9628}.Release|Any CPU.ActiveCfg = Release|Any CPU
		{6014A46E-A981-4009-9CE2-57FE4B4C9628}.Release|Any CPU.Build.0 = Release|Any CPU
		{004FB6AD-4222-4F2D-B994-EBE9D2740F5C}.Debug|Any CPU.ActiveCfg = Debug|Any CPU
		{004FB6AD-4222-4F2D-B994-EBE9D2740F5C}.Debug|Any CPU.Build.0 = Debug|Any CPU
		{004FB6AD-4222-4F2D-B994-EBE9D2740F5C}.Release|Any CPU.ActiveCfg = Release|Any CPU
		{004FB6AD-4222-4F2D-B994-EBE9D2740F5C}.Release|Any CPU.Build.0 = Release|Any CPU
		{F52DF3A9-279B-4516-82A8-80FA80BCF8D0}.Debug|Any CPU.ActiveCfg = Debug|Any CPU
		{F52DF3A9-279B-4516-82A8-80FA80BCF8D0}.Debug|Any CPU.Build.0 = Debug|Any CPU
		{F52DF3A9-279B-4516-82A8-80FA80BCF8D0}.Release|Any CPU.ActiveCfg = Release|Any CPU
		{F52DF3A9-279B-4516-82A8-80FA80BCF8D0}.Release|Any CPU.Build.0 = Release|Any CPU
	EndGlobalSection
	GlobalSection(SolutionProperties) = preSolution
		HideSolutionNode = FALSE
	EndGlobalSection
	GlobalSection(ExtensibilityGlobals) = postSolution
		SolutionGuid = {3308C8A8-B84D-4E1B-85AB-E208DB3F1174}
	EndGlobalSection
EndGlobal
